
Microsoft Visual Studio Solution File, Format Version 12.00
# Visual Studio 14
VisualStudioVersion = 14.0.23107.0
MinimumVisualStudioVersion = 10.0.40219.1
Project("{FAE04EC0-301F-11D3-BF4B-00C04F79EFBC}") = "ActionFramework", "ActionFramework\ActionFramework.csproj", "{F4EA4B53-CDB0-4677-9934-A11BB4BFD171}"
EndProject
Project("{FAE04EC0-301F-11D3-BF4B-00C04F79EFBC}") = "ActionFramework.Agent", "ActionFramework.Agent\ActionFramework.Agent.csproj", "{22E4C71D-4AEF-465D-BCF6-10FA02BA354A}"
EndProject
Project("{FAE04EC0-301F-11D3-BF4B-00C04F79EFBC}") = "ActionFramework.Domain", "ActionFramework.Domain\ActionFramework.Domain.csproj", "{A7975DB8-6CBC-4708-ABD8-C5FC17400300}"
EndProject
Project("{FAE04EC0-301F-11D3-BF4B-00C04F79EFBC}") = "ActionFramework.Server", "ActionFramework.Server\ActionFramework.Server.csproj", "{253BD46F-BB30-4FB3-9AE0-80BBAB6FCF69}"
EndProject
Project("{2150E333-8FDC-42A3-9474-1A3956D46DE8}") = "Apps", "Apps", "{EA9F9324-F06E-4919-B941-97B24692395F}"
EndProject
Project("{FAE04EC0-301F-11D3-BF4B-00C04F79EFBC}") = "ServerApps", "ServerApps\ServerApps.csproj", "{4D24A02E-658C-4B4B-B4D9-E3E0B34300E5}"
EndProject
Global
	GlobalSection(SolutionConfigurationPlatforms) = preSolution
		Debug|Any CPU = Debug|Any CPU
		Debug|x86 = Debug|x86
		Local|Any CPU = Local|Any CPU
		Local|x86 = Local|x86
		Release|Any CPU = Release|Any CPU
		Release|x86 = Release|x86
	EndGlobalSection
	GlobalSection(ProjectConfigurationPlatforms) = postSolution
		{F4EA4B53-CDB0-4677-9934-A11BB4BFD171}.Debug|Any CPU.ActiveCfg = Debug|Any CPU
		{F4EA4B53-CDB0-4677-9934-A11BB4BFD171}.Debug|Any CPU.Build.0 = Debug|Any CPU
		{F4EA4B53-CDB0-4677-9934-A11BB4BFD171}.Debug|x86.ActiveCfg = Debug|Any CPU
		{F4EA4B53-CDB0-4677-9934-A11BB4BFD171}.Local|Any CPU.ActiveCfg = Release|Any CPU
		{F4EA4B53-CDB0-4677-9934-A11BB4BFD171}.Local|Any CPU.Build.0 = Release|Any CPU
		{F4EA4B53-CDB0-4677-9934-A11BB4BFD171}.Local|x86.ActiveCfg = Release|Any CPU
		{F4EA4B53-CDB0-4677-9934-A11BB4BFD171}.Release|Any CPU.ActiveCfg = Release|Any CPU
		{F4EA4B53-CDB0-4677-9934-A11BB4BFD171}.Release|Any CPU.Build.0 = Release|Any CPU
		{F4EA4B53-CDB0-4677-9934-A11BB4BFD171}.Release|x86.ActiveCfg = Release|Any CPU
		{22E4C71D-4AEF-465D-BCF6-10FA02BA354A}.Debug|Any CPU.ActiveCfg = Debug|Any CPU
		{22E4C71D-4AEF-465D-BCF6-10FA02BA354A}.Debug|Any CPU.Build.0 = Debug|Any CPU
		{22E4C71D-4AEF-465D-BCF6-10FA02BA354A}.Debug|x86.ActiveCfg = Debug|Any CPU
		{22E4C71D-4AEF-465D-BCF6-10FA02BA354A}.Local|Any CPU.ActiveCfg = Release|Any CPU
		{22E4C71D-4AEF-465D-BCF6-10FA02BA354A}.Local|Any CPU.Build.0 = Release|Any CPU
		{22E4C71D-4AEF-465D-BCF6-10FA02BA354A}.Local|x86.ActiveCfg = Release|Any CPU
		{22E4C71D-4AEF-465D-BCF6-10FA02BA354A}.Release|Any CPU.ActiveCfg = Release|Any CPU
		{22E4C71D-4AEF-465D-BCF6-10FA02BA354A}.Release|Any CPU.Build.0 = Release|Any CPU
		{22E4C71D-4AEF-465D-BCF6-10FA02BA354A}.Release|x86.ActiveCfg = Release|Any CPU
		{A7975DB8-6CBC-4708-ABD8-C5FC17400300}.Debug|Any CPU.ActiveCfg = Debug|Any CPU
		{A7975DB8-6CBC-4708-ABD8-C5FC17400300}.Debug|Any CPU.Build.0 = Debug|Any CPU
		{A7975DB8-6CBC-4708-ABD8-C5FC17400300}.Debug|x86.ActiveCfg = Debug|Any CPU
		{A7975DB8-6CBC-4708-ABD8-C5FC17400300}.Local|Any CPU.ActiveCfg = Release|Any CPU
		{A7975DB8-6CBC-4708-ABD8-C5FC17400300}.Local|Any CPU.Build.0 = Release|Any CPU
		{A7975DB8-6CBC-4708-ABD8-C5FC17400300}.Local|x86.ActiveCfg = Release|Any CPU
		{A7975DB8-6CBC-4708-ABD8-C5FC17400300}.Release|Any CPU.ActiveCfg = Release|Any CPU
		{A7975DB8-6CBC-4708-ABD8-C5FC17400300}.Release|Any CPU.Build.0 = Release|Any CPU
		{A7975DB8-6CBC-4708-ABD8-C5FC17400300}.Release|x86.ActiveCfg = Release|Any CPU
		{253BD46F-BB30-4FB3-9AE0-80BBAB6FCF69}.Debug|Any CPU.ActiveCfg = Debug|Any CPU
		{253BD46F-BB30-4FB3-9AE0-80BBAB6FCF69}.Debug|Any CPU.Build.0 = Debug|Any CPU
		{253BD46F-BB30-4FB3-9AE0-80BBAB6FCF69}.Debug|x86.ActiveCfg = Debug|Any CPU
		{253BD46F-BB30-4FB3-9AE0-80BBAB6FCF69}.Debug|x86.Build.0 = Debug|Any CPU
		{253BD46F-BB30-4FB3-9AE0-80BBAB6FCF69}.Local|Any CPU.ActiveCfg = Release|Any CPU
		{253BD46F-BB30-4FB3-9AE0-80BBAB6FCF69}.Local|Any CPU.Build.0 = Release|Any CPU
		{253BD46F-BB30-4FB3-9AE0-80BBAB6FCF69}.Local|x86.ActiveCfg = Release|Any CPU
		{253BD46F-BB30-4FB3-9AE0-80BBAB6FCF69}.Local|x86.Build.0 = Release|Any CPU
		{253BD46F-BB30-4FB3-9AE0-80BBAB6FCF69}.Release|Any CPU.ActiveCfg = Release|Any CPU
		{253BD46F-BB30-4FB3-9AE0-80BBAB6FCF69}.Release|Any CPU.Build.0 = Release|Any CPU
		{253BD46F-BB30-4FB3-9AE0-80BBAB6FCF69}.Release|x86.ActiveCfg = Release|Any CPU
		{253BD46F-BB30-4FB3-9AE0-80BBAB6FCF69}.Release|x86.Build.0 = Release|Any CPU
		{4D24A02E-658C-4B4B-B4D9-E3E0B34300E5}.Debug|Any CPU.ActiveCfg = Debug|Any CPU
		{4D24A02E-658C-4B4B-B4D9-E3E0B34300E5}.Debug|Any CPU.Build.0 = Debug|Any CPU
		{4D24A02E-658C-4B4B-B4D9-E3E0B34300E5}.Debug|x86.ActiveCfg = Debug|Any CPU
		{4D24A02E-658C-4B4B-B4D9-E3E0B34300E5}.Debug|x86.Build.0 = Debug|Any CPU
		{4D24A02E-658C-4B4B-B4D9-E3E0B34300E5}.Local|Any CPU.ActiveCfg = Release|Any CPU
		{4D24A02E-658C-4B4B-B4D9-E3E0B34300E5}.Local|Any CPU.Build.0 = Release|Any CPU
		{4D24A02E-658C-4B4B-B4D9-E3E0B34300E5}.Local|x86.ActiveCfg = Release|Any CPU
		{4D24A02E-658C-4B4B-B4D9-E3E0B34300E5}.Local|x86.Build.0 = Release|Any CPU
		{4D24A02E-658C-4B4B-B4D9-E3E0B34300E5}.Release|Any CPU.ActiveCfg = Release|Any CPU
		{4D24A02E-658C-4B4B-B4D9-E3E0B34300E5}.Release|Any CPU.Build.0 = Release|Any CPU
		{4D24A02E-658C-4B4B-B4D9-E3E0B34300E5}.Release|x86.ActiveCfg = Release|Any CPU
		{4D24A02E-658C-4B4B-B4D9-E3E0B34300E5}.Release|x86.Build.0 = Release|Any CPU
	EndGlobalSection
	GlobalSection(SolutionProperties) = preSolution
		HideSolutionNode = FALSE
	EndGlobalSection
	GlobalSection(NestedProjects) = preSolution
		{4D24A02E-658C-4B4B-B4D9-E3E0B34300E5} = {EA9F9324-F06E-4919-B941-97B24692395F}
	EndGlobalSection
EndGlobal
